<?xml version="1.0" encoding="utf-8"?>
<Project ToolsVersion="4.0" xmlns="http://schemas.microsoft.com/developer/msbuild/2003">
  <ItemGroup>
    <Filter Include="core">
      <UniqueIdentifier>{4E40957C-3A77-960D-E363-7C10CF79120F}</UniqueIdentifier>
    </Filter>
    <Filter Include="graphics">
      <UniqueIdentifier>{36EF08BC-22BC-63C7-4BD5-516F37019955}</UniqueIdentifier>
    </Filter>
    <Filter Include="objects">
      <UniqueIdentifier>{EFBE9050-5B9E-0FEC-64B6-9AC2D014764D}</UniqueIdentifier>
    </Filter>
    <Filter Include="shader">
      <UniqueIdentifier>{1C21B11B-08C3-DBF1-F17D-EF45DDBE6242}</UniqueIdentifier>
    </Filter>
    <Filter Include="simulation">
      <UniqueIdentifier>{AAA8E696-9660-28E4-FF67-0140EB3EC3D4}</UniqueIdentifier>
    </Filter>
    <Filter Include="utils">
      <UniqueIdentifier>{169C8510-82B0-ADC1-4B32-5121B705AAF2}</UniqueIdentifier>
    </Filter>
  </ItemGroup>
  <ItemGroup>
    <ClInclude Include="src\core\Application.h">
      <Filter>core</Filter>
    </ClInclude>
    <ClInclude Include="src\graphics\ImGuiManager.h">
      <Filter>graphics</Filter>
    </ClInclude>
    <ClInclude Include="src\graphics\RenderManager.h">
      <Filter>graphics</Filter>
    </ClInclude>
    <ClInclude Include="src\graphics\Scene.h">
      <Filter>graphics</Filter>
    </ClInclude>
    <ClInclude Include="src\graphics\Shader.h">
      <Filter>graphics</Filter>
    </ClInclude>
    <ClInclude Include="src\graphics\Texture.h">
      <Filter>graphics</Filter>
    </ClInclude>
    <ClInclude Include="src\graphics\WindowManager.h">
      <Filter>graphics</Filter>
    </ClInclude>
    <ClInclude Include="src\objects\Box.h">
      <Filter>objects</Filter>
    </ClInclude>
    <ClInclude Include="src\objects\Circle.h">
      <Filter>objects</Filter>
    </ClInclude>
    <ClInclude Include="src\objects\Object.h">
      <Filter>objects</Filter>
    </ClInclude>
    <ClInclude Include="src\simulation\Particle.h">
      <Filter>simulation</Filter>
    </ClInclude>
    <ClInclude Include="src\simulation\Simulation.h">
      <Filter>simulation</Filter>
    </ClInclude>
    <ClInclude Include="src\utils\DebugManager.h">
      <Filter>utils</Filter>
    </ClInclude>
    <ClInclude Include="src\utils\GlfwAndDebugIncludes.h">
      <Filter>utils</Filter>
    </ClInclude>
  </ItemGroup>
  <ItemGroup>
    <ClCompile Include="src\core\Application.cpp">
      <Filter>core</Filter>
    </ClCompile>
    <ClCompile Include="src\core\main.cpp">
      <Filter>core</Filter>
    </ClCompile>
    <ClCompile Include="src\graphics\ImGuiManager.cpp">
      <Filter>graphics</Filter>
    </ClCompile>
    <ClCompile Include="src\graphics\RenderManager.cpp">
      <Filter>graphics</Filter>
    </ClCompile>
    <ClCompile Include="src\graphics\Scene.cpp">
      <Filter>graphics</Filter>
    </ClCompile>
    <ClCompile Include="src\graphics\Shader.cpp">
      <Filter>graphics</Filter>
    </ClCompile>
    <ClCompile Include="src\graphics\Texture.cpp">
      <Filter>graphics</Filter>
    </ClCompile>
    <ClCompile Include="src\graphics\WindowManager.cpp">
      <Filter>graphics</Filter>
    </ClCompile>
    <ClCompile Include="src\objects\Box.cpp">
      <Filter>objects</Filter>
    </ClCompile>
    <ClCompile Include="src\objects\Circle.cpp">
      <Filter>objects</Filter>
    </ClCompile>
    <ClCompile Include="src\objects\Object.cpp">
      <Filter>objects</Filter>
    </ClCompile>
    <ClCompile Include="src\simulation\Particle.cpp">
      <Filter>simulation</Filter>
    </ClCompile>
    <ClCompile Include="src\simulation\Simulation.cpp">
      <Filter>simulation</Filter>
    </ClCompile>
  </ItemGroup>
  <ItemGroup>
    <None Include="src\shader\FragmentShader.fs">
      <Filter>shader</Filter>
    </None>
    <None Include="src\shader\VertexShader.vs">
      <Filter>shader</Filter>
    </None>
  </ItemGroup>
</Project>